
Microsoft Visual Studio Solution File, Format Version 12.00
# Visual Studio Version 16
VisualStudioVersion = 16.0.30114.105
MinimumVisualStudioVersion = 10.0.40219.1
Project("{FAE04EC0-301F-11D3-BF4B-00C04F79EFBC}") = "oligoCode.ToDo.Shell", "oligoCode.ToDo.Shell\oligoCode.ToDo.Shell.csproj", "{1777B52E-E283-4DBE-A888-B06858DA9FCE}"
EndProject
Global
	GlobalSection(SolutionConfigurationPlatforms) = preSolution
		Debug|Any CPU = Debug|Any CPU
		Release|Any CPU = Release|Any CPU
	EndGlobalSection
	GlobalSection(ProjectConfigurationPlatforms) = postSolution
		{1777B52E-E283-4DBE-A888-B06858DA9FCE}.Debug|Any CPU.ActiveCfg = Debug|Any CPU
		{1777B52E-E283-4DBE-A888-B06858DA9FCE}.Debug|Any CPU.Build.0 = Debug|Any CPU
		{1777B52E-E283-4DBE-A888-B06858DA9FCE}.Release|Any CPU.ActiveCfg = Release|Any CPU
		{1777B52E-E283-4DBE-A888-B06858DA9FCE}.Release|Any CPU.Build.0 = Release|Any CPU
	EndGlobalSection
	GlobalSection(SolutionProperties) = preSolution
		HideSolutionNode = FALSE
	EndGlobalSection
	GlobalSection(ExtensibilityGlobals) = postSolution
		SolutionGuid = {1ACDB095-04D7-428A-BBDB-BD4510FBCB03}
	EndGlobalSection
EndGlobal
